Microsoft Visual Studio Solution File, Format Version 11.00
# Visual Studio 2008

Project("{0784617B-6499-DD50-0BDC-B47EF8DE5B7B}") = "MelodicEpoch", "Assembly-CSharp-firstpass.csproj", "{208BF383-538F-F651-69B4-C96C64A965AD}"
EndProject
Project("{0784617B-6499-DD50-0BDC-B47EF8DE5B7B}") = "MelodicEpoch", "Assembly-CSharp.csproj", "{1580A1E6-FC86-8383-611F-5F9B4B6EA57F}"
EndProject
Project("{0784617B-6499-DD50-0BDC-B47EF8DE5B7B}") = "MelodicEpoch", "Assembly-CSharp-Editor-firstpass.csproj", "{7BAA0E4D-0063-8D9D-8B79-9BEE1419A1C0}"
EndProject
Global
	GlobalSection(SolutionConfigurationPlatforms) = preSolution
		Debug|Any CPU = Debug|Any CPU
		Release|Any CPU = Release|Any CPU
	EndGlobalSection
	GlobalSection(ProjectConfigurationPlatforms) = postSolution
		{208BF383-538F-F651-69B4-C96C64A965AD}.Debug|Any CPU.ActiveCfg = Debug|Any CPU
		{208BF383-538F-F651-69B4-C96C64A965AD}.Debug|Any CPU.Build.0 = Debug|Any CPU
		{208BF383-538F-F651-69B4-C96C64A965AD}.Release|Any CPU.ActiveCfg = Release|Any CPU
		{208BF383-538F-F651-69B4-C96C64A965AD}.Release|Any CPU.Build.0 = Release|Any CPU
		{1580A1E6-FC86-8383-611F-5F9B4B6EA57F}.Debug|Any CPU.ActiveCfg = Debug|Any CPU
		{1580A1E6-FC86-8383-611F-5F9B4B6EA57F}.Debug|Any CPU.Build.0 = Debug|Any CPU
		{1580A1E6-FC86-8383-611F-5F9B4B6EA57F}.Release|Any CPU.ActiveCfg = Release|Any CPU
		{1580A1E6-FC86-8383-611F-5F9B4B6EA57F}.Release|Any CPU.Build.0 = Release|Any CPU
		{7BAA0E4D-0063-8D9D-8B79-9BEE1419A1C0}.Debug|Any CPU.ActiveCfg = Debug|Any CPU
		{7BAA0E4D-0063-8D9D-8B79-9BEE1419A1C0}.Debug|Any CPU.Build.0 = Debug|Any CPU
		{7BAA0E4D-0063-8D9D-8B79-9BEE1419A1C0}.Release|Any CPU.ActiveCfg = Release|Any CPU
		{7BAA0E4D-0063-8D9D-8B79-9BEE1419A1C0}.Release|Any CPU.Build.0 = Release|Any CPU
	EndGlobalSection
	GlobalSection(SolutionProperties) = preSolution
		HideSolutionNode = FALSE
	EndGlobalSection
	GlobalSection(MonoDevelopProperties) = preSolution
		StartupItem = Assembly-CSharp.csproj
	EndGlobalSection
EndGlobal
